
Microsoft Visual Studio Solution File, Format Version 12.00
# Visual Studio Version 16
VisualStudioVersion = 16.0.35706.149
MinimumVisualStudioVersion = 10.0.40219.1
Project("{FAE04EC0-301F-11D3-BF4B-00C04F79EFBC}") = "MyProject", "MyProject\MyProject.csproj", "{EF94BE92-880B-4135-BF37-00225265DF95}"
EndProject
Global
	GlobalSection(SolutionConfigurationPlatforms) = preSolution
		Debug|Any CPU = Debug|Any CPU
		Release|Any CPU = Release|Any CPU
	EndGlobalSection
	GlobalSection(ProjectConfigurationPlatforms) = postSolution
		{EF94BE92-880B-4135-BF37-00225265DF95}.Debug|Any CPU.ActiveCfg = Debug|Any CPU
		{EF94BE92-880B-4135-BF37-00225265DF95}.Debug|Any CPU.Build.0 = Debug|Any CPU
		{EF94BE92-880B-4135-BF37-00225265DF95}.Release|Any CPU.ActiveCfg = Release|Any CPU
		{EF94BE92-880B-4135-BF37-00225265DF95}.Release|Any CPU.Build.0 = Release|Any CPU
	EndGlobalSection
	GlobalSection(SolutionProperties) = preSolution
		HideSolutionNode = FALSE
	EndGlobalSection
	GlobalSection(ExtensibilityGlobals) = postSolution
		SolutionGuid = {AEAA954C-EA96-469A-B14B-FD57073EAB97}
	EndGlobalSection
EndGlobal
